
Microsoft Visual Studio Solution File, Format Version 12.00
# Visual Studio Version 17
VisualStudioVersion = 17.10.35004.147
MinimumVisualStudioVersion = 10.0.40219.1
Project("{888888A0-9F3D-457C-B088-3A5042F75D52}") = "AnimalTracker", "AnimalTracker.pyproj", "{E5F4B542-8EC7-4F03-B5E6-7B885C4B2E31}"
EndProject
Global
	GlobalSection(SolutionConfigurationPlatforms) = preSolution
		Debug|Any CPU = Debug|Any CPU
		Release|Any CPU = Release|Any CPU
	EndGlobalSection
	GlobalSection(ProjectConfigurationPlatforms) = postSolution
		{E5F4B542-8EC7-4F03-B5E6-7B885C4B2E31}.Debug|Any CPU.ActiveCfg = Debug|Any CPU
		{E5F4B542-8EC7-4F03-B5E6-7B885C4B2E31}.Debug|Any CPU.Build.0 = Debug|Any CPU
		{E5F4B542-8EC7-4F03-B5E6-7B885C4B2E31}.Release|Any CPU.ActiveCfg = Release|Any CPU
		{E5F4B542-8EC7-4F03-B5E6-7B885C4B2E31}.Release|Any CPU.Build.0 = Release|Any CPU
	EndGlobalSection
	GlobalSection(SolutionProperties) = preSolution
		HideSolutionNode = FALSE
	EndGlobalSection
	GlobalSection(ExtensibilityGlobals) = postSolution
		SolutionGuid = {3080A44A-A4CE-4748-9A93-1B436F16A8A8}
	EndGlobalSection
EndGlobal
